[root]
name = "netcat-rs"
version = "0.1.0"
dependencies = [
 "argparse 0.2.1 (registry+https://github.com/rust-lang/crates.io-index)",
 "crossbeam 0.2.9 (registry+https://github.com/rust-lang/crates.io-index)",
]

[[package]]
name = "argparse"
version = "0.2.1"
source = "registry+https://github.com/rust-lang/crates.io-index"

[[package]]
name = "crossbeam"
version = "0.2.9"
source = "registry+https://github.com/rust-lang/crates.io-index"

